{
  "name": "dyr-mandarin-lab",
  "version": "1.0.0",
  "lockfileVersion": 3,
  "requires": true,
  "packages": {
    "": {
      "name": "dyr-mandarin-lab",
      "version": "1.0.0",
      "workspaces": [
        "packages/*",
        "apps/*"
      ],
      "engines": {
        "node": ">=22.18"
      }
    },
    "node_modules/@dyr/content": {
      "resolved": "packages/content",
      "link": true
    },
    "node_modules/@dyr/domain": {
      "resolved": "packages/domain",
      "link": true
    },
    "node_modules/@dyr/fsrs-adapter": {
      "resolved": "packages/fsrs-adapter",
      "link": true
    },
    "node_modules/@dyr/kernel": {
      "resolved": "packages/kernel",
      "link": true
    },
    "node_modules/@dyr/layers": {
      "resolved": "packages/layers",
      "link": true
    },
    "node_modules/@dyr/senses": {
      "resolved": "packages/senses",
      "link": true
    },
    "packages/content": {
      "name": "@dyr/content",
      "version": "1.0.0"
    },
    "packages/domain": {
      "name": "@dyr/domain",
      "version": "1.0.0"
    },
    "packages/fsrs-adapter": {
      "name": "@dyr/fsrs-adapter",
      "version": "1.0.0"
    },
    "packages/kernel": {
      "name": "@dyr/kernel",
      "version": "1.0.0"
    },
    "packages/layers": {
      "name": "@dyr/layers",
      "version": "1.0.0"
    },
    "packages/senses": {
      "name": "@dyr/senses",
      "version": "1.0.0"
    }
  }
}
