{
  "name": "dyr-mandarin-lab",
  "version": "1.0.0",
  "lockfileVersion": 3,
  "requires": true,
  "packages": {
    "": {
      "name": "dyr-mandarin-lab",
      "version": "1.0.0",
      "workspaces": [
        "packages/*",
        "apps/*"
      ],
      "devDependencies": {
        "@types/node": "22.10.5",
        "fast-check": "4.9.0",
        "typescript": "5.9.2"
      },
      "engines": {
        "node": ">=22.18"
      }
    },
    "node_modules/@dyr/content": {
      "resolved": "packages/content",
      "link": true
    },
    "node_modules/@dyr/domain": {
      "resolved": "packages/domain",
      "link": true
    },
    "node_modules/@dyr/fsrs-adapter": {
      "resolved": "packages/fsrs-adapter",
      "link": true
    },
    "node_modules/@dyr/kernel": {
      "resolved": "packages/kernel",
      "link": true
    },
    "node_modules/@dyr/layers": {
      "resolved": "packages/layers",
      "link": true
    },
    "node_modules/@dyr/senses": {
      "resolved": "packages/senses",
      "link": true
    },
    "node_modules/@types/node": {
      "version": "22.10.5",
      "resolved": "https://registry.npmjs.org/@types/node/-/node-22.10.5.tgz",
      "integrity": "sha512-F8Q+SeGimwOo86fiovQh8qiXfFEh2/ocYv7tU5pJ3EXMSSxk1Joj5wefpFK2fHTf/N6HKGSxIDBT9f3gCxXPkQ==",
      "dev": true,
      "license": "MIT",
      "dependencies": {
        "undici-types": "~6.20.0"
      }
    },
    "node_modules/fast-check": {
      "version": "4.9.0",
      "resolved": "https://registry.npmjs.org/fast-check/-/fast-check-4.9.0.tgz",
      "integrity": "sha512-7ms6T7SybUev/PQITciI0yLM2pOSFy5zpG8Ty7tQofcVaQUvrMXp6CBwqF6fThLCLOrfBtuHAtwq6Yu4XPCllg==",
      "dev": true,
      "funding": [
        {
          "type": "individual",
          "url": "https://github.com/sponsors/dubzzz"
        },
        {
          "type": "opencollective",
          "url": "https://opencollective.com/fast-check"
        }
      ],
      "license": "MIT",
      "dependencies": {
        "pure-rand": "^8.0.0"
      },
      "engines": {
        "node": ">=12.17.0"
      }
    },
    "node_modules/pure-rand": {
      "version": "8.4.2",
      "resolved": "https://registry.npmjs.org/pure-rand/-/pure-rand-8.4.2.tgz",
      "integrity": "sha512-vvuOGgcuPJAirlHvuQw1TrOiw7ptaIXXmIbNuiNOY6lNGJJH49PQ1Kj4nd783nPdQhQdicgOjVI2yI/9BD6/Ng==",
      "dev": true,
      "funding": [
        {
          "type": "individual",
          "url": "https://github.com/sponsors/dubzzz"
        },
        {
          "type": "opencollective",
          "url": "https://opencollective.com/fast-check"
        }
      ],
      "license": "MIT"
    },
    "node_modules/ts-fsrs": {
      "version": "5.4.1",
      "resolved": "https://registry.npmjs.org/ts-fsrs/-/ts-fsrs-5.4.1.tgz",
      "integrity": "sha512-mOp9+oexJexBTkwjg/jQI1aSUQRLIAvbimeKHLSmVdNJPwObugFNKmZkoggH5d6kZ0uaWLboP1Al1DnXAfIb9w==",
      "license": "MIT",
      "engines": {
        "node": ">=20.0.0"
      }
    },
    "node_modules/typescript": {
      "version": "5.9.2",
      "resolved": "https://registry.npmjs.org/typescript/-/typescript-5.9.2.tgz",
      "integrity": "sha512-CWBzXQrc/qOkhidw1OzBTQuYRbfyxDXJMVJ1XNwUHGROVmuaeiEm3OslpZ1RV96d7SKKjZKrSJu3+t/xlw3R9A==",
      "dev": true,
      "license": "Apache-2.0",
      "bin": {
        "tsc": "bin/tsc",
        "tsserver": "bin/tsserver"
      },
      "engines": {
        "node": ">=14.17"
      }
    },
    "node_modules/undici-types": {
      "version": "6.20.0",
      "resolved": "https://registry.npmjs.org/undici-types/-/undici-types-6.20.0.tgz",
      "integrity": "sha512-Ny6QZ2Nju20vw1SRHe3d9jVu6gJ+4e3+MMpqu7pqE5HT6WsTSlce++GQmK5UXS8mzV8DSYHrQH+Xrf2jVcuKNg==",
      "dev": true,
      "license": "MIT"
    },
    "packages/content": {
      "name": "@dyr/content",
      "version": "1.0.0"
    },
    "packages/domain": {
      "name": "@dyr/domain",
      "version": "1.0.0"
    },
    "packages/fsrs-adapter": {
      "name": "@dyr/fsrs-adapter",
      "version": "2.0.0",
      "dependencies": {
        "@dyr/domain": "1.0.0",
        "ts-fsrs": "5.4.1"
      }
    },
    "packages/kernel": {
      "name": "@dyr/kernel",
      "version": "1.0.0"
    },
    "packages/layers": {
      "name": "@dyr/layers",
      "version": "1.0.0"
    },
    "packages/senses": {
      "name": "@dyr/senses",
      "version": "1.0.0"
    }
  }
}
